// !$*UTF8*$!
{
	archiveVersion = 1;
	classes = {
	};
	objectVersion = 46;
	objects = {

/* Begin PBXBuildFile section */
		C1B9762E1E6751CB009F9092 /* AppDelegate.swift in Sources */ = {isa = PBXBuildFile; fileRef = C1B9762D1E6751CB009F9092 /* AppDelegate.swift */; };
		C1B976351E6751CB009F9092 /* Assets.xcassets in Resources */ = {isa = PBXBuildFile; fileRef = C1B976341E6751CB009F9092 /* Assets.xcassets */; };
		C1B976381E6751CB009F9092 /* LaunchScreen.storyboard in Resources */ = {isa = PBXBuildFile; fileRef = C1B976361E6751CB009F9092 /* LaunchScreen.storyboard */; };
		C1B976401E6768FC009F9092 /* Person.swift in Sources */ = {isa = PBXBuildFile; fileRef = C1B9763F1E6768FC009F9092 /* Person.swift */; };
		C1E6888C1E6DFD6400A9F153 /* PersonRouter.swift in Sources */ = {isa = PBXBuildFile; fileRef = C1E6888B1E6DFD6300A9F153 /* PersonRouter.swift */; };
		C1E688901E6DFDD800A9F153 /* PersonViewPresenter.swift in Sources */ = {isa = PBXBuildFile; fileRef = C1E6888F1E6DFDD800A9F153 /* PersonViewPresenter.swift */; };
		C1E688941E6DFEDA00A9F153 /* PersonViewController.swift in Sources */ = {isa = PBXBuildFile; fileRef = C1E688931E6DFEDA00A9F153 /* PersonViewController.swift */; };
		C1E688961E6E01B800A9F153 /* Interactor.swift in Sources */ = {isa = PBXBuildFile; fileRef = C1E688951E6E01B800A9F153 /* Interactor.swift */; };
		C1ECB8561E6DD0F200F9C27C /* LoginRouter.swift in Sources */ = {isa = PBXBuildFile; fileRef = C1ECB8551E6DD0F200F9C27C /* LoginRouter.swift */; };
		C1ECB85C1E6DD14C00F9C27C /* LoginViewPresenter.swift in Sources */ = {isa = PBXBuildFile; fileRef = C1ECB85B1E6DD14C00F9C27C /* LoginViewPresenter.swift */; };
		C1ECB85E1E6DD6CF00F9C27C /* LoginViewController.swift in Sources */ = {isa = PBXBuildFile; fileRef = C1ECB85D1E6DD6CF00F9C27C /* LoginViewController.swift */; };
/* End PBXBuildFile section */

/* Begin PBXFileReference section */
		C1B9762A1E6751CB009F9092 /* MVP.app */ = {isa = PBXFileReference; explicitFileType = wrapper.application; includeInIndex = 0; path = MVP.app; sourceTree = BUILT_PRODUCTS_DIR; };
		C1B9762D1E6751CB009F9092 /* AppDelegate.swift */ = {isa = PBXFileReference; lastKnownFileType = sourcecode.swift; path = AppDelegate.swift; sourceTree = "<group>"; };
		C1B976341E6751CB009F9092 /* Assets.xcassets */ = {isa = PBXFileReference; lastKnownFileType = folder.assetcatalog; path = Assets.xcassets; sourceTree = "<group>"; };
		C1B976371E6751CB009F9092 /* Base */ = {isa = PBXFileReference; lastKnownFileType = file.storyboard; name = Base; path = Base.lproj/LaunchScreen.storyboard; sourceTree = "<group>"; };
		C1B976391E6751CB009F9092 /* Info.plist */ = {isa = PBXFileReference; lastKnownFileType = text.plist.xml; path = Info.plist; sourceTree = "<group>"; };
		C1B9763F1E6768FC009F9092 /* Person.swift */ = {isa = PBXFileReference; fileEncoding = 4; lastKnownFileType = sourcecode.swift; path = Person.swift; sourceTree = "<group>"; };
		C1E6888B1E6DFD6300A9F153 /* PersonRouter.swift */ = {isa = PBXFileReference; fileEncoding = 4; lastKnownFileType = sourcecode.swift; path = PersonRouter.swift; sourceTree = "<group>"; };
		C1E6888F1E6DFDD800A9F153 /* PersonViewPresenter.swift */ = {isa = PBXFileReference; fileEncoding = 4; lastKnownFileType = sourcecode.swift; path = PersonViewPresenter.swift; sourceTree = "<group>"; };
		C1E688931E6DFEDA00A9F153 /* PersonViewController.swift */ = {isa = PBXFileReference; fileEncoding = 4; lastKnownFileType = sourcecode.swift; path = PersonViewController.swift; sourceTree = "<group>"; };
		C1E688951E6E01B800A9F153 /* Interactor.swift */ = {isa = PBXFileReference; fileEncoding = 4; lastKnownFileType = sourcecode.swift; path = Interactor.swift; sourceTree = "<group>"; };
		C1ECB8551E6DD0F200F9C27C /* LoginRouter.swift */ = {isa = PBXFileReference; fileEncoding = 4; lastKnownFileType = sourcecode.swift; path = LoginRouter.swift; sourceTree = "<group>"; };
		C1ECB85B1E6DD14C00F9C27C /* LoginViewPresenter.swift */ = {isa = PBXFileReference; fileEncoding = 4; lastKnownFileType = sourcecode.swift; path = LoginViewPresenter.swift; sourceTree = "<group>"; };
		C1ECB85D1E6DD6CF00F9C27C /* LoginViewController.swift */ = {isa = PBXFileReference; fileEncoding = 4; lastKnownFileType = sourcecode.swift; path = LoginViewController.swift; sourceTree = "<group>"; };
/* End PBXFileReference section */

/* Begin PBXFrameworksBuildPhase section */
		C1B976271E6751CB009F9092 /* Frameworks */ = {
			isa = PBXFrameworksBuildPhase;
			buildActionMask = 2147483647;
			files = (
			);
			runOnlyForDeploymentPostprocessing = 0;
		};
/* End PBXFrameworksBuildPhase section */

/* Begin PBXGroup section */
		C1B976211E6751CB009F9092 = {
			isa = PBXGroup;
			children = (
				C1B9762C1E6751CB009F9092 /* MVP */,
				C1B9762B1E6751CB009F9092 /* Products */,
			);
			sourceTree = "<group>";
		};
		C1B9762B1E6751CB009F9092 /* Products */ = {
			isa = PBXGroup;
			children = (
				C1B9762A1E6751CB009F9092 /* MVP.app */,
			);
			name = Products;
			sourceTree = "<group>";
		};
		C1B9762C1E6751CB009F9092 /* MVP */ = {
			isa = PBXGroup;
			children = (
				C1B9762D1E6751CB009F9092 /* AppDelegate.swift */,
				C1E688951E6E01B800A9F153 /* Interactor.swift */,
				C1ECB84C1E6DBE5700F9C27C /* Login */,
				C1E688881E6DFC0700A9F153 /* Person */,
				C1E688971E6E023500A9F153 /* Model */,
				C1B976341E6751CB009F9092 /* Assets.xcassets */,
				C1B976361E6751CB009F9092 /* LaunchScreen.storyboard */,
				C1B976391E6751CB009F9092 /* Info.plist */,
			);
			path = MVP;
			sourceTree = "<group>";
		};
		C1E688881E6DFC0700A9F153 /* Person */ = {
			isa = PBXGroup;
			children = (
				C1E6888B1E6DFD6300A9F153 /* PersonRouter.swift */,
				C1E6888F1E6DFDD800A9F153 /* PersonViewPresenter.swift */,
				C1E688931E6DFEDA00A9F153 /* PersonViewController.swift */,
			);
			name = Person;
			sourceTree = "<group>";
		};
		C1E688971E6E023500A9F153 /* Model */ = {
			isa = PBXGroup;
			children = (
				C1B9763F1E6768FC009F9092 /* Person.swift */,
			);
			name = Model;
			sourceTree = "<group>";
		};
		C1ECB84C1E6DBE5700F9C27C /* Login */ = {
			isa = PBXGroup;
			children = (
				C1ECB8551E6DD0F200F9C27C /* LoginRouter.swift */,
				C1ECB85B1E6DD14C00F9C27C /* LoginViewPresenter.swift */,
				C1ECB85D1E6DD6CF00F9C27C /* LoginViewController.swift */,
			);
			name = Login;
			sourceTree = "<group>";
		};
/* End PBXGroup section */

/* Begin PBXNativeTarget section */
		C1B976291E6751CB009F9092 /* MVP */ = {
			isa = PBXNativeTarget;
			buildConfigurationList = C1B9763C1E6751CB009F9092 /* Build configuration list for PBXNativeTarget "MVP" */;
			buildPhases = (
				C1B976261E6751CB009F9092 /* Sources */,
				C1B976271E6751CB009F9092 /* Frameworks */,
				C1B976281E6751CB009F9092 /* Resources */,
			);
			buildRules = (
			);
			dependencies = (
			);
			name = MVP;
			productName = MVP;
			productReference = C1B9762A1E6751CB009F9092 /* MVP.app */;
			productType = "com.apple.product-type.application";
		};
/* End PBXNativeTarget section */

/* Begin PBXProject section */
		C1B976221E6751CB009F9092 /* Project object */ = {
			isa = PBXProject;
			attributes = {
				LastSwiftUpdateCheck = 0820;
				LastUpgradeCheck = 0820;
				ORGANIZATIONNAME = "Storke Brothers LLC";
				TargetAttributes = {
					C1B976291E6751CB009F9092 = {
						CreatedOnToolsVersion = 8.2.1;
						DevelopmentTeam = GA4L9A4FGA;
						ProvisioningStyle = Automatic;
					};
				};
			};
			buildConfigurationList = C1B976251E6751CB009F9092 /* Build configuration list for PBXProject "MVP" */;
			compatibilityVersion = "Xcode 3.2";
			developmentRegion = English;
			hasScannedForEncodings = 0;
			knownRegions = (
				en,
				Base,
			);
			mainGroup = C1B976211E6751CB009F9092;
			productRefGroup = C1B9762B1E6751CB009F9092 /* Products */;
			projectDirPath = "";
			projectRoot = "";
			targets = (
				C1B976291E6751CB009F9092 /* MVP */,
			);
		};
/* End PBXProject section */

/* Begin PBXResourcesBuildPhase section */
		C1B976281E6751CB009F9092 /* Resources */ = {
			isa = PBXResourcesBuildPhase;
			buildActionMask = 2147483647;
			files = (
				C1B976381E6751CB009F9092 /* LaunchScreen.storyboard in Resources */,
				C1B976351E6751CB009F9092 /* Assets.xcassets in Resources */,
			);
			runOnlyForDeploymentPostprocessing = 0;
		};
/* End PBXResourcesBuildPhase section */

/* Begin PBXSourcesBuildPhase section */
		C1B976261E6751CB009F9092 /* Sources */ = {
			isa = PBXSourcesBuildPhase;
			buildActionMask = 2147483647;
			files = (
				C1B976401E6768FC009F9092 /* Person.swift in Sources */,
				C1ECB8561E6DD0F200F9C27C /* LoginRouter.swift in Sources */,
				C1ECB85C1E6DD14C00F9C27C /* LoginViewPresenter.swift in Sources */,
				C1E6888C1E6DFD6400A9F153 /* PersonRouter.swift in Sources */,
				C1E688901E6DFDD800A9F153 /* PersonViewPresenter.swift in Sources */,
				C1ECB85E1E6DD6CF00F9C27C /* LoginViewController.swift in Sources */,
				C1B9762E1E6751CB009F9092 /* AppDelegate.swift in Sources */,
				C1E688961E6E01B800A9F153 /* Interactor.swift in Sources */,
				C1E688941E6DFEDA00A9F153 /* PersonViewController.swift in Sources */,
			);
			runOnlyForDeploymentPostprocessing = 0;
		};
/* End PBXSourcesBuildPhase section */

/* Begin PBXVariantGroup section */
		C1B976361E6751CB009F9092 /* LaunchScreen.storyboard */ = {
			isa = PBXVariantGroup;
			children = (
				C1B976371E6751CB009F9092 /* Base */,
			);
			name = LaunchScreen.storyboard;
			sourceTree = "<group>";
		};
/* End PBXVariantGroup section */

/* Begin XCBuildConfiguration section */
		C1B9763A1E6751CB009F9092 /* Debug */ = {
			isa = XCBuildConfiguration;
			buildSettings = {
				ALWAYS_SEARCH_USER_PATHS = NO;
				CLANG_ANALYZER_NONNULL = YES;
				CLANG_CXX_LANGUAGE_STANDARD = "gnu++0x";
				CLANG_CXX_LIBRARY = "libc++";
				CLANG_ENABLE_MODULES = YES;
				CLANG_ENABLE_OBJC_ARC = YES;
				CLANG_WARN_BOOL_CONVERSION = YES;
				CLANG_WARN_CONSTANT_CONVERSION = YES;
				CLANG_WARN_DIRECT_OBJC_ISA_USAGE = YES_ERROR;
				CLANG_WARN_DOCUMENTATION_COMMENTS = YES;
				CLANG_WARN_EMPTY_BODY = YES;
				CLANG_WARN_ENUM_CONVERSION = YES;
				CLANG_WARN_INFINITE_RECURSION = YES;
				CLANG_WARN_INT_CONVERSION = YES;
				CLANG_WARN_OBJC_ROOT_CLASS = YES_ERROR;
				CLANG_WARN_SUSPICIOUS_MOVE = YES;
				CLANG_WARN_UNREACHABLE_CODE = YES;
				CLANG_WARN__DUPLICATE_METHOD_MATCH = YES;
				"CODE_SIGN_IDENTITY[sdk=iphoneos*]" = "iPhone Developer";
				COPY_PHASE_STRIP = NO;
				DEBUG_INFORMATION_FORMAT = dwarf;
				ENABLE_STRICT_OBJC_MSGSEND = YES;
				ENABLE_TESTABILITY = YES;
				GCC_C_LANGUAGE_STANDARD = gnu99;
				GCC_DYNAMIC_NO_PIC = NO;
				GCC_NO_COMMON_BLOCKS = YES;
				GCC_OPTIMIZATION_LEVEL = 0;
				GCC_PREPROCESSOR_DEFINITIONS = (
					"DEBUG=1",
					"$(inherited)",
				);
				GCC_WARN_64_TO_32_BIT_CONVERSION = YES;
				GCC_WARN_ABOUT_RETURN_TYPE = YES_ERROR;
				GCC_WARN_UNDECLARED_SELECTOR = YES;
				GCC_WARN_UNINITIALIZED_AUTOS = YES_AGGRESSIVE;
				GCC_WARN_UNUSED_FUNCTION = YES;
				GCC_WARN_UNUSED_VARIABLE = YES;
				IPHONEOS_DEPLOYMENT_TARGET = 10.2;
				MTL_ENABLE_DEBUG_INFO = YES;
				ONLY_ACTIVE_ARCH = YES;
				SDKROOT = iphoneos;
				SWIFT_ACTIVE_COMPILATION_CONDITIONS = DEBUG;
				SWIFT_OPTIMIZATION_LEVEL = "-Onone";
				TARGETED_DEVICE_FAMILY = "1,2";
			};
			name = Debug;
		};
		C1B9763B1E6751CB009F9092 /* Release */ = {
			isa = XCBuildConfiguration;
			buildSettings = {
				ALWAYS_SEARCH_USER_PATHS = NO;
				CLANG_ANALYZER_NONNULL = YES;
				CLANG_CXX_LANGUAGE_STANDARD = "gnu++0x";
				CLANG_CXX_LIBRARY = "libc++";
				CLANG_ENABLE_MODULES = YES;
				CLANG_ENABLE_OBJC_ARC = YES;
				CLANG_WARN_BOOL_CONVERSION = YES;
				CLANG_WARN_CONSTANT_CONVERSION = YES;
				CLANG_WARN_DIRECT_OBJC_ISA_USAGE = YES_ERROR;
				CLANG_WARN_DOCUMENTATION_COMMENTS = YES;
				CLANG_WARN_EMPTY_BODY = YES;
				CLANG_WARN_ENUM_CONVERSION = YES;
				CLANG_WARN_INFINITE_RECURSION = YES;
				CLANG_WARN_INT_CONVERSION = YES;
				CLANG_WARN_OBJC_ROOT_CLASS = YES_ERROR;
				CLANG_WARN_SUSPICIOUS_MOVE = YES;
				CLANG_WARN_UNREACHABLE_CODE = YES;
				CLANG_WARN__DUPLICATE_METHOD_MATCH = YES;
				"CODE_SIGN_IDENTITY[sdk=iphoneos*]" = "iPhone Developer";
				COPY_PHASE_STRIP = NO;
				DEBUG_INFORMATION_FORMAT = "dwarf-with-dsym";
				ENABLE_NS_ASSERTIONS = NO;
				ENABLE_STRICT_OBJC_MSGSEND = YES;
				GCC_C_LANGUAGE_STANDARD = gnu99;
				GCC_NO_COMMON_BLOCKS = YES;
				GCC_WARN_64_TO_32_BIT_CONVERSION = YES;
				GCC_WARN_ABOUT_RETURN_TYPE = YES_ERROR;
				GCC_WARN_UNDECLARED_SELECTOR = YES;
				GCC_WARN_UNINITIALIZED_AUTOS = YES_AGGRESSIVE;
				GCC_WARN_UNUSED_FUNCTION = YES;
				GCC_WARN_UNUSED_VARIABLE = YES;
				IPHONEOS_DEPLOYMENT_TARGET = 10.2;
				MTL_ENABLE_DEBUG_INFO = NO;
				SDKROOT = iphoneos;
				SWIFT_OPTIMIZATION_LEVEL = "-Owholemodule";
				TARGETED_DEVICE_FAMILY = "1,2";
				VALIDATE_PRODUCT = YES;
			};
			name = Release;
		};
		C1B9763D1E6751CB009F9092 /* Debug */ = {
			isa = XCBuildConfiguration;
			buildSettings = {
				ASSETCATALOG_COMPILER_APPICON_NAME = AppIcon;
				DEVELOPMENT_TEAM = GA4L9A4FGA;
				INFOPLIST_FILE = MVP/Info.plist;
				LD_RUNPATH_SEARCH_PATHS = "$(inherited) @executable_path/Frameworks";
				PRODUCT_BUNDLE_IDENTIFIER = com.storkebrothers.MVP;
				PRODUCT_NAME = "$(TARGET_NAME)";
				SWIFT_VERSION = 3.0;
			};
			name = Debug;
		};
		C1B9763E1E6751CB009F9092 /* Release */ = {
			isa = XCBuildConfiguration;
			buildSettings = {
				ASSETCATALOG_COMPILER_APPICON_NAME = AppIcon;
				DEVELOPMENT_TEAM = GA4L9A4FGA;
				INFOPLIST_FILE = MVP/Info.plist;
				LD_RUNPATH_SEARCH_PATHS = "$(inherited) @executable_path/Frameworks";
				PRODUCT_BUNDLE_IDENTIFIER = com.storkebrothers.MVP;
				PRODUCT_NAME = "$(TARGET_NAME)";
				SWIFT_VERSION = 3.0;
			};
			name = Release;
		};
/* End XCBuildConfiguration section */

/* Begin XCConfigurationList section */
		C1B976251E6751CB009F9092 /* Build configuration list for PBXProject "MVP" */ = {
			isa = XCConfigurationList;
			buildConfigurations = (
				C1B9763A1E6751CB009F9092 /* Debug */,
				C1B9763B1E6751CB009F9092 /* Release */,
			);
			defaultConfigurationIsVisible = 0;
			defaultConfigurationName = Release;
		};
		C1B9763C1E6751CB009F9092 /* Build configuration list for PBXNativeTarget "MVP" */ = {
			isa = XCConfigurationList;
			buildConfigurations = (
				C1B9763D1E6751CB009F9092 /* Debug */,
				C1B9763E1E6751CB009F9092 /* Release */,
			);
			defaultConfigurationIsVisible = 0;
			defaultConfigurationName = Release;
		};
/* End XCConfigurationList section */
	};
	rootObject = C1B976221E6751CB009F9092 /* Project object */;
}
