// !$*UTF8*$!
{
	archiveVersion = 1;
	classes = {
	};
	objectVersion = 46;
	objects = {

/* Begin PBXBuildFile section */
		C1B46D851E677FBF00ADF96D /* GreetingRouter.swift in Sources */ = {isa = PBXBuildFile; fileRef = C1B46D841E677FBF00ADF96D /* GreetingRouter.swift */; };
		C1B46D871E67802400ADF96D /* Scene2View.swift in Sources */ = {isa = PBXBuildFile; fileRef = C1B46D861E67802400ADF96D /* Scene2View.swift */; };
		C1B46D891E67805100ADF96D /* Scene2ViewPresenter.swift in Sources */ = {isa = PBXBuildFile; fileRef = C1B46D881E67805100ADF96D /* Scene2ViewPresenter.swift */; };
		C1B46D8B1E6780A100ADF96D /* Scene2Presenter.swift in Sources */ = {isa = PBXBuildFile; fileRef = C1B46D8A1E6780A100ADF96D /* Scene2Presenter.swift */; };
		C1B46D8D1E67811700ADF96D /* Scene2ViewController.swift in Sources */ = {isa = PBXBuildFile; fileRef = C1B46D8C1E67811700ADF96D /* Scene2ViewController.swift */; };
		C1B9762E1E6751CB009F9092 /* AppDelegate.swift in Sources */ = {isa = PBXBuildFile; fileRef = C1B9762D1E6751CB009F9092 /* AppDelegate.swift */; };
		C1B976351E6751CB009F9092 /* Assets.xcassets in Resources */ = {isa = PBXBuildFile; fileRef = C1B976341E6751CB009F9092 /* Assets.xcassets */; };
		C1B976381E6751CB009F9092 /* LaunchScreen.storyboard in Resources */ = {isa = PBXBuildFile; fileRef = C1B976361E6751CB009F9092 /* LaunchScreen.storyboard */; };
		C1B976401E6768FC009F9092 /* Person.swift in Sources */ = {isa = PBXBuildFile; fileRef = C1B9763F1E6768FC009F9092 /* Person.swift */; };
		C1B976421E676943009F9092 /* GreetingView.swift in Sources */ = {isa = PBXBuildFile; fileRef = C1B976411E676943009F9092 /* GreetingView.swift */; };
		C1B976461E676985009F9092 /* GreetingViewPresenter.swift in Sources */ = {isa = PBXBuildFile; fileRef = C1B976451E676985009F9092 /* GreetingViewPresenter.swift */; };
		C1B976481E6769AA009F9092 /* GreetingPresenter.swift in Sources */ = {isa = PBXBuildFile; fileRef = C1B976471E6769AA009F9092 /* GreetingPresenter.swift */; };
		C1B9764A1E6769F1009F9092 /* GreetingViewController.swift in Sources */ = {isa = PBXBuildFile; fileRef = C1B976491E6769F1009F9092 /* GreetingViewController.swift */; };
/* End PBXBuildFile section */

/* Begin PBXFileReference section */
		C1B46D841E677FBF00ADF96D /* GreetingRouter.swift */ = {isa = PBXFileReference; fileEncoding = 4; lastKnownFileType = sourcecode.swift; path = GreetingRouter.swift; sourceTree = "<group>"; };
		C1B46D861E67802400ADF96D /* Scene2View.swift */ = {isa = PBXFileReference; fileEncoding = 4; lastKnownFileType = sourcecode.swift; path = Scene2View.swift; sourceTree = "<group>"; };
		C1B46D881E67805100ADF96D /* Scene2ViewPresenter.swift */ = {isa = PBXFileReference; fileEncoding = 4; lastKnownFileType = sourcecode.swift; path = Scene2ViewPresenter.swift; sourceTree = "<group>"; };
		C1B46D8A1E6780A100ADF96D /* Scene2Presenter.swift */ = {isa = PBXFileReference; fileEncoding = 4; lastKnownFileType = sourcecode.swift; path = Scene2Presenter.swift; sourceTree = "<group>"; };
		C1B46D8C1E67811700ADF96D /* Scene2ViewController.swift */ = {isa = PBXFileReference; fileEncoding = 4; lastKnownFileType = sourcecode.swift; path = Scene2ViewController.swift; sourceTree = "<group>"; };
		C1B9762A1E6751CB009F9092 /* MVP.app */ = {isa = PBXFileReference; explicitFileType = wrapper.application; includeInIndex = 0; path = MVP.app; sourceTree = BUILT_PRODUCTS_DIR; };
		C1B9762D1E6751CB009F9092 /* AppDelegate.swift */ = {isa = PBXFileReference; lastKnownFileType = sourcecode.swift; path = AppDelegate.swift; sourceTree = "<group>"; };
		C1B976341E6751CB009F9092 /* Assets.xcassets */ = {isa = PBXFileReference; lastKnownFileType = folder.assetcatalog; path = Assets.xcassets; sourceTree = "<group>"; };
		C1B976371E6751CB009F9092 /* Base */ = {isa = PBXFileReference; lastKnownFileType = file.storyboard; name = Base; path = Base.lproj/LaunchScreen.storyboard; sourceTree = "<group>"; };
		C1B976391E6751CB009F9092 /* Info.plist */ = {isa = PBXFileReference; lastKnownFileType = text.plist.xml; path = Info.plist; sourceTree = "<group>"; };
		C1B9763F1E6768FC009F9092 /* Person.swift */ = {isa = PBXFileReference; fileEncoding = 4; lastKnownFileType = sourcecode.swift; path = Person.swift; sourceTree = "<group>"; };
		C1B976411E676943009F9092 /* GreetingView.swift */ = {isa = PBXFileReference; fileEncoding = 4; lastKnownFileType = sourcecode.swift; path = GreetingView.swift; sourceTree = "<group>"; };
		C1B976451E676985009F9092 /* GreetingViewPresenter.swift */ = {isa = PBXFileReference; fileEncoding = 4; lastKnownFileType = sourcecode.swift; path = GreetingViewPresenter.swift; sourceTree = "<group>"; };
		C1B976471E6769AA009F9092 /* GreetingPresenter.swift */ = {isa = PBXFileReference; fileEncoding = 4; lastKnownFileType = sourcecode.swift; path = GreetingPresenter.swift; sourceTree = "<group>"; };
		C1B976491E6769F1009F9092 /* GreetingViewController.swift */ = {isa = PBXFileReference; fileEncoding = 4; lastKnownFileType = sourcecode.swift; path = GreetingViewController.swift; sourceTree = "<group>"; };
/* End PBXFileReference section */

/* Begin PBXFrameworksBuildPhase section */
		C1B976271E6751CB009F9092 /* Frameworks */ = {
			isa = PBXFrameworksBuildPhase;
			buildActionMask = 2147483647;
			files = (
			);
			runOnlyForDeploymentPostprocessing = 0;
		};
/* End PBXFrameworksBuildPhase section */

/* Begin PBXGroup section */
		C15E61B21E677AD3007CE3F6 /* Greeting */ = {
			isa = PBXGroup;
			children = (
				C1B46D841E677FBF00ADF96D /* GreetingRouter.swift */,
				C1B976411E676943009F9092 /* GreetingView.swift */,
				C1B976451E676985009F9092 /* GreetingViewPresenter.swift */,
				C1B976471E6769AA009F9092 /* GreetingPresenter.swift */,
				C1B976491E6769F1009F9092 /* GreetingViewController.swift */,
				C1B46D861E67802400ADF96D /* Scene2View.swift */,
				C1B46D881E67805100ADF96D /* Scene2ViewPresenter.swift */,
				C1B46D8A1E6780A100ADF96D /* Scene2Presenter.swift */,
				C1B46D8C1E67811700ADF96D /* Scene2ViewController.swift */,
			);
			name = Greeting;
			sourceTree = "<group>";
		};
		C1B976211E6751CB009F9092 = {
			isa = PBXGroup;
			children = (
				C1B9762C1E6751CB009F9092 /* MVP */,
				C1B9762B1E6751CB009F9092 /* Products */,
			);
			sourceTree = "<group>";
		};
		C1B9762B1E6751CB009F9092 /* Products */ = {
			isa = PBXGroup;
			children = (
				C1B9762A1E6751CB009F9092 /* MVP.app */,
			);
			name = Products;
			sourceTree = "<group>";
		};
		C1B9762C1E6751CB009F9092 /* MVP */ = {
			isa = PBXGroup;
			children = (
				C1B9762D1E6751CB009F9092 /* AppDelegate.swift */,
				C1B9763F1E6768FC009F9092 /* Person.swift */,
				C15E61B21E677AD3007CE3F6 /* Greeting */,
				C1B976341E6751CB009F9092 /* Assets.xcassets */,
				C1B976361E6751CB009F9092 /* LaunchScreen.storyboard */,
				C1B976391E6751CB009F9092 /* Info.plist */,
			);
			path = MVP;
			sourceTree = "<group>";
		};
/* End PBXGroup section */

/* Begin PBXNativeTarget section */
		C1B976291E6751CB009F9092 /* MVP */ = {
			isa = PBXNativeTarget;
			buildConfigurationList = C1B9763C1E6751CB009F9092 /* Build configuration list for PBXNativeTarget "MVP" */;
			buildPhases = (
				C1B976261E6751CB009F9092 /* Sources */,
				C1B976271E6751CB009F9092 /* Frameworks */,
				C1B976281E6751CB009F9092 /* Resources */,
			);
			buildRules = (
			);
			dependencies = (
			);
			name = MVP;
			productName = MVP;
			productReference = C1B9762A1E6751CB009F9092 /* MVP.app */;
			productType = "com.apple.product-type.application";
		};
/* End PBXNativeTarget section */

/* Begin PBXProject section */
		C1B976221E6751CB009F9092 /* Project object */ = {
			isa = PBXProject;
			attributes = {
				LastSwiftUpdateCheck = 0820;
				LastUpgradeCheck = 0820;
				ORGANIZATIONNAME = "Storke Brothers LLC";
				TargetAttributes = {
					C1B976291E6751CB009F9092 = {
						CreatedOnToolsVersion = 8.2.1;
						DevelopmentTeam = GA4L9A4FGA;
						ProvisioningStyle = Automatic;
					};
				};
			};
			buildConfigurationList = C1B976251E6751CB009F9092 /* Build configuration list for PBXProject "MVP" */;
			compatibilityVersion = "Xcode 3.2";
			developmentRegion = English;
			hasScannedForEncodings = 0;
			knownRegions = (
				en,
				Base,
			);
			mainGroup = C1B976211E6751CB009F9092;
			productRefGroup = C1B9762B1E6751CB009F9092 /* Products */;
			projectDirPath = "";
			projectRoot = "";
			targets = (
				C1B976291E6751CB009F9092 /* MVP */,
			);
		};
/* End PBXProject section */

/* Begin PBXResourcesBuildPhase section */
		C1B976281E6751CB009F9092 /* Resources */ = {
			isa = PBXResourcesBuildPhase;
			buildActionMask = 2147483647;
			files = (
				C1B976381E6751CB009F9092 /* LaunchScreen.storyboard in Resources */,
				C1B976351E6751CB009F9092 /* Assets.xcassets in Resources */,
			);
			runOnlyForDeploymentPostprocessing = 0;
		};
/* End PBXResourcesBuildPhase section */

/* Begin PBXSourcesBuildPhase section */
		C1B976261E6751CB009F9092 /* Sources */ = {
			isa = PBXSourcesBuildPhase;
			buildActionMask = 2147483647;
			files = (
				C1B976401E6768FC009F9092 /* Person.swift in Sources */,
				C1B9764A1E6769F1009F9092 /* GreetingViewController.swift in Sources */,
				C1B46D891E67805100ADF96D /* Scene2ViewPresenter.swift in Sources */,
				C1B976481E6769AA009F9092 /* GreetingPresenter.swift in Sources */,
				C1B976421E676943009F9092 /* GreetingView.swift in Sources */,
				C1B976461E676985009F9092 /* GreetingViewPresenter.swift in Sources */,
				C1B46D8B1E6780A100ADF96D /* Scene2Presenter.swift in Sources */,
				C1B46D851E677FBF00ADF96D /* GreetingRouter.swift in Sources */,
				C1B46D8D1E67811700ADF96D /* Scene2ViewController.swift in Sources */,
				C1B46D871E67802400ADF96D /* Scene2View.swift in Sources */,
				C1B9762E1E6751CB009F9092 /* AppDelegate.swift in Sources */,
			);
			runOnlyForDeploymentPostprocessing = 0;
		};
/* End PBXSourcesBuildPhase section */

/* Begin PBXVariantGroup section */
		C1B976361E6751CB009F9092 /* LaunchScreen.storyboard */ = {
			isa = PBXVariantGroup;
			children = (
				C1B976371E6751CB009F9092 /* Base */,
			);
			name = LaunchScreen.storyboard;
			sourceTree = "<group>";
		};
/* End PBXVariantGroup section */

/* Begin XCBuildConfiguration section */
		C1B9763A1E6751CB009F9092 /* Debug */ = {
			isa = XCBuildConfiguration;
			buildSettings = {
				ALWAYS_SEARCH_USER_PATHS = NO;
				CLANG_ANALYZER_NONNULL = YES;
				CLANG_CXX_LANGUAGE_STANDARD = "gnu++0x";
				CLANG_CXX_LIBRARY = "libc++";
				CLANG_ENABLE_MODULES = YES;
				CLANG_ENABLE_OBJC_ARC = YES;
				CLANG_WARN_BOOL_CONVERSION = YES;
				CLANG_WARN_CONSTANT_CONVERSION = YES;
				CLANG_WARN_DIRECT_OBJC_ISA_USAGE = YES_ERROR;
				CLANG_WARN_DOCUMENTATION_COMMENTS = YES;
				CLANG_WARN_EMPTY_BODY = YES;
				CLANG_WARN_ENUM_CONVERSION = YES;
				CLANG_WARN_INFINITE_RECURSION = YES;
				CLANG_WARN_INT_CONVERSION = YES;
				CLANG_WARN_OBJC_ROOT_CLASS = YES_ERROR;
				CLANG_WARN_SUSPICIOUS_MOVE = YES;
				CLANG_WARN_UNREACHABLE_CODE = YES;
				CLANG_WARN__DUPLICATE_METHOD_MATCH = YES;
				"CODE_SIGN_IDENTITY[sdk=iphoneos*]" = "iPhone Developer";
				COPY_PHASE_STRIP = NO;
				DEBUG_INFORMATION_FORMAT = dwarf;
				ENABLE_STRICT_OBJC_MSGSEND = YES;
				ENABLE_TESTABILITY = YES;
				GCC_C_LANGUAGE_STANDARD = gnu99;
				GCC_DYNAMIC_NO_PIC = NO;
				GCC_NO_COMMON_BLOCKS = YES;
				GCC_OPTIMIZATION_LEVEL = 0;
				GCC_PREPROCESSOR_DEFINITIONS = (
					"DEBUG=1",
					"$(inherited)",
				);
				GCC_WARN_64_TO_32_BIT_CONVERSION = YES;
				GCC_WARN_ABOUT_RETURN_TYPE = YES_ERROR;
				GCC_WARN_UNDECLARED_SELECTOR = YES;
				GCC_WARN_UNINITIALIZED_AUTOS = YES_AGGRESSIVE;
				GCC_WARN_UNUSED_FUNCTION = YES;
				GCC_WARN_UNUSED_VARIABLE = YES;
				IPHONEOS_DEPLOYMENT_TARGET = 10.2;
				MTL_ENABLE_DEBUG_INFO = YES;
				ONLY_ACTIVE_ARCH = YES;
				SDKROOT = iphoneos;
				SWIFT_ACTIVE_COMPILATION_CONDITIONS = DEBUG;
				SWIFT_OPTIMIZATION_LEVEL = "-Onone";
				TARGETED_DEVICE_FAMILY = "1,2";
			};
			name = Debug;
		};
		C1B9763B1E6751CB009F9092 /* Release */ = {
			isa = XCBuildConfiguration;
			buildSettings = {
				ALWAYS_SEARCH_USER_PATHS = NO;
				CLANG_ANALYZER_NONNULL = YES;
				CLANG_CXX_LANGUAGE_STANDARD = "gnu++0x";
				CLANG_CXX_LIBRARY = "libc++";
				CLANG_ENABLE_MODULES = YES;
				CLANG_ENABLE_OBJC_ARC = YES;
				CLANG_WARN_BOOL_CONVERSION = YES;
				CLANG_WARN_CONSTANT_CONVERSION = YES;
				CLANG_WARN_DIRECT_OBJC_ISA_USAGE = YES_ERROR;
				CLANG_WARN_DOCUMENTATION_COMMENTS = YES;
				CLANG_WARN_EMPTY_BODY = YES;
				CLANG_WARN_ENUM_CONVERSION = YES;
				CLANG_WARN_INFINITE_RECURSION = YES;
				CLANG_WARN_INT_CONVERSION = YES;
				CLANG_WARN_OBJC_ROOT_CLASS = YES_ERROR;
				CLANG_WARN_SUSPICIOUS_MOVE = YES;
				CLANG_WARN_UNREACHABLE_CODE = YES;
				CLANG_WARN__DUPLICATE_METHOD_MATCH = YES;
				"CODE_SIGN_IDENTITY[sdk=iphoneos*]" = "iPhone Developer";
				COPY_PHASE_STRIP = NO;
				DEBUG_INFORMATION_FORMAT = "dwarf-with-dsym";
				ENABLE_NS_ASSERTIONS = NO;
				ENABLE_STRICT_OBJC_MSGSEND = YES;
				GCC_C_LANGUAGE_STANDARD = gnu99;
				GCC_NO_COMMON_BLOCKS = YES;
				GCC_WARN_64_TO_32_BIT_CONVERSION = YES;
				GCC_WARN_ABOUT_RETURN_TYPE = YES_ERROR;
				GCC_WARN_UNDECLARED_SELECTOR = YES;
				GCC_WARN_UNINITIALIZED_AUTOS = YES_AGGRESSIVE;
				GCC_WARN_UNUSED_FUNCTION = YES;
				GCC_WARN_UNUSED_VARIABLE = YES;
				IPHONEOS_DEPLOYMENT_TARGET = 10.2;
				MTL_ENABLE_DEBUG_INFO = NO;
				SDKROOT = iphoneos;
				SWIFT_OPTIMIZATION_LEVEL = "-Owholemodule";
				TARGETED_DEVICE_FAMILY = "1,2";
				VALIDATE_PRODUCT = YES;
			};
			name = Release;
		};
		C1B9763D1E6751CB009F9092 /* Debug */ = {
			isa = XCBuildConfiguration;
			buildSettings = {
				ASSETCATALOG_COMPILER_APPICON_NAME = AppIcon;
				DEVELOPMENT_TEAM = GA4L9A4FGA;
				INFOPLIST_FILE = MVP/Info.plist;
				LD_RUNPATH_SEARCH_PATHS = "$(inherited) @executable_path/Frameworks";
				PRODUCT_BUNDLE_IDENTIFIER = com.storkebrothers.MVP;
				PRODUCT_NAME = "$(TARGET_NAME)";
				SWIFT_VERSION = 3.0;
			};
			name = Debug;
		};
		C1B9763E1E6751CB009F9092 /* Release */ = {
			isa = XCBuildConfiguration;
			buildSettings = {
				ASSETCATALOG_COMPILER_APPICON_NAME = AppIcon;
				DEVELOPMENT_TEAM = GA4L9A4FGA;
				INFOPLIST_FILE = MVP/Info.plist;
				LD_RUNPATH_SEARCH_PATHS = "$(inherited) @executable_path/Frameworks";
				PRODUCT_BUNDLE_IDENTIFIER = com.storkebrothers.MVP;
				PRODUCT_NAME = "$(TARGET_NAME)";
				SWIFT_VERSION = 3.0;
			};
			name = Release;
		};
/* End XCBuildConfiguration section */

/* Begin XCConfigurationList section */
		C1B976251E6751CB009F9092 /* Build configuration list for PBXProject "MVP" */ = {
			isa = XCConfigurationList;
			buildConfigurations = (
				C1B9763A1E6751CB009F9092 /* Debug */,
				C1B9763B1E6751CB009F9092 /* Release */,
			);
			defaultConfigurationIsVisible = 0;
			defaultConfigurationName = Release;
		};
		C1B9763C1E6751CB009F9092 /* Build configuration list for PBXNativeTarget "MVP" */ = {
			isa = XCConfigurationList;
			buildConfigurations = (
				C1B9763D1E6751CB009F9092 /* Debug */,
				C1B9763E1E6751CB009F9092 /* Release */,
			);
			defaultConfigurationIsVisible = 0;
			defaultConfigurationName = Release;
		};
/* End XCConfigurationList section */
	};
	rootObject = C1B976221E6751CB009F9092 /* Project object */;
}
